
Microsoft Visual Studio Solution File, Format Version 12.00
# Visual Studio 15
VisualStudioVersion = 15.0.28010.2036
MinimumVisualStudioVersion = 10.0.40219.1
Project("{8BC9CEB8-8B4A-11D0-8D11-00A0C91BC942}") = "HZAU120", "HZAU120\HZAU120.vcxproj", "{503B3F47-A018-46E7-BE27-C29A7D75ABE9}"
EndProject
Project("{54435603-DBB4-11D2-8724-00A0C9A8B90C}") = "Assign1", "Assign1\Assign1.vdproj", "{C0C809F3-85ED-42F7-A8C2-CA73AD928B90}"
EndProject
Global
	GlobalSection(SolutionConfigurationPlatforms) = preSolution
		Debug|x64 = Debug|x64
		Debug|x86 = Debug|x86
		Release|x64 = Release|x64
		Release|x86 = Release|x86
	EndGlobalSection
	GlobalSection(ProjectConfigurationPlatforms) = postSolution
		{503B3F47-A018-46E7-BE27-C29A7D75ABE9}.Debug|x64.ActiveCfg = Debug|x64
		{503B3F47-A018-46E7-BE27-C29A7D75ABE9}.Debug|x64.Build.0 = Debug|x64
		{503B3F47-A018-46E7-BE27-C29A7D75ABE9}.Debug|x86.ActiveCfg = Debug|Win32
		{503B3F47-A018-46E7-BE27-C29A7D75ABE9}.Debug|x86.Build.0 = Debug|Win32
		{503B3F47-A018-46E7-BE27-C29A7D75ABE9}.Release|x64.ActiveCfg = Release|x64
		{503B3F47-A018-46E7-BE27-C29A7D75ABE9}.Release|x64.Build.0 = Release|x64
		{503B3F47-A018-46E7-BE27-C29A7D75ABE9}.Release|x86.ActiveCfg = Release|Win32
		{503B3F47-A018-46E7-BE27-C29A7D75ABE9}.Release|x86.Build.0 = Release|Win32
		{C0C809F3-85ED-42F7-A8C2-CA73AD928B90}.Debug|x64.ActiveCfg = Debug
		{C0C809F3-85ED-42F7-A8C2-CA73AD928B90}.Debug|x86.ActiveCfg = Debug
		{C0C809F3-85ED-42F7-A8C2-CA73AD928B90}.Release|x64.ActiveCfg = Release
		{C0C809F3-85ED-42F7-A8C2-CA73AD928B90}.Release|x86.ActiveCfg = Release
	EndGlobalSection
	GlobalSection(SolutionProperties) = preSolution
		HideSolutionNode = FALSE
	EndGlobalSection
	GlobalSection(ExtensibilityGlobals) = postSolution
		SolutionGuid = {ACD428E4-2293-42B4-8F7E-A6CA7F784134}
	EndGlobalSection
EndGlobal
